
Microsoft Visual Studio Solution File, Format Version 12.00
# Visual Studio Version 17
VisualStudioVersion = 17.8.34309.116
MinimumVisualStudioVersion = 10.0.40219.1
Project("{FAE04EC0-301F-11D3-BF4B-00C04F79EFBC}") = "UsersServiceApi", "UsersServiceApi\UsersServiceApi.csproj", "{779EEC8D-A151-4A36-A1B0-8C3F92B11028}"
EndProject
Global
	GlobalSection(SolutionConfigurationPlatforms) = preSolution
		Debug|Any CPU = Debug|Any CPU
		Release|Any CPU = Release|Any CPU
	EndGlobalSection
	GlobalSection(ProjectConfigurationPlatforms) = postSolution
		{779EEC8D-A151-4A36-A1B0-8C3F92B11028}.Debug|Any CPU.ActiveCfg = Debug|Any CPU
		{779EEC8D-A151-4A36-A1B0-8C3F92B11028}.Debug|Any CPU.Build.0 = Debug|Any CPU
		{779EEC8D-A151-4A36-A1B0-8C3F92B11028}.Release|Any CPU.ActiveCfg = Release|Any CPU
		{779EEC8D-A151-4A36-A1B0-8C3F92B11028}.Release|Any CPU.Build.0 = Release|Any CPU
	EndGlobalSection
	GlobalSection(SolutionProperties) = preSolution
		HideSolutionNode = FALSE
	EndGlobalSection
	GlobalSection(ExtensibilityGlobals) = postSolution
		SolutionGuid = {21726F9C-E126-421B-8C5D-BEC4E9F86A6F}
	EndGlobalSection
EndGlobal
